
Microsoft Visual Studio Solution File, Format Version 12.00
# Visual Studio Version 17
VisualStudioVersion = 17.10.35013.160
MinimumVisualStudioVersion = 10.0.40219.1
Project("{FAE04EC0-301F-11D3-BF4B-00C04F79EFBC}") = "RestApi", "RestApi.csproj", "{5B98B3E9-3B9D-40F0-B0BA-55B60FFC9448}"
EndProject
Project("{FAE04EC0-301F-11D3-BF4B-00C04F79EFBC}") = "RestApi.Tests", "RestApi.Tests\RestApi.Tests.csproj", "{476C9260-C6D9-432F-8DF3-035A4B8C4641}"
EndProject
Global
	GlobalSection(SolutionConfigurationPlatforms) = preSolution
		Debug|Any CPU = Debug|Any CPU
		Release|Any CPU = Release|Any CPU
	EndGlobalSection
	GlobalSection(ProjectConfigurationPlatforms) = postSolution
		{5B98B3E9-3B9D-40F0-B0BA-55B60FFC9448}.Debug|Any CPU.ActiveCfg = Debug|Any CPU
		{5B98B3E9-3B9D-40F0-B0BA-55B60FFC9448}.Debug|Any CPU.Build.0 = Debug|Any CPU
		{5B98B3E9-3B9D-40F0-B0BA-55B60FFC9448}.Release|Any CPU.ActiveCfg = Release|Any CPU
		{5B98B3E9-3B9D-40F0-B0BA-55B60FFC9448}.Release|Any CPU.Build.0 = Release|Any CPU
		{476C9260-C6D9-432F-8DF3-035A4B8C4641}.Debug|Any CPU.ActiveCfg = Debug|Any CPU
		{476C9260-C6D9-432F-8DF3-035A4B8C4641}.Debug|Any CPU.Build.0 = Debug|Any CPU
		{476C9260-C6D9-432F-8DF3-035A4B8C4641}.Release|Any CPU.ActiveCfg = Release|Any CPU
		{476C9260-C6D9-432F-8DF3-035A4B8C4641}.Release|Any CPU.Build.0 = Release|Any CPU
	EndGlobalSection
	GlobalSection(SolutionProperties) = preSolution
		HideSolutionNode = FALSE
	EndGlobalSection
	GlobalSection(ExtensibilityGlobals) = postSolution
		SolutionGuid = {3C96BBF4-5DE0-464D-A0E4-4310CA8E5DF9}
	EndGlobalSection
EndGlobal
